
Microsoft Visual Studio Solution File, Format Version 12.00
# Visual Studio Version 16
VisualStudioVersion = 16.0.31624.102
MinimumVisualStudioVersion = 10.0.40219.1
Project("{9A19103F-16F7-4668-BE54-9A1E7A4F7556}") = "CheckidayViewer.Client", "CheckidayViewer\Client\CheckidayViewer.Client.csproj", "{EAEB31A9-449C-408F-BF6B-0CF601A02707}"
EndProject
Project("{9A19103F-16F7-4668-BE54-9A1E7A4F7556}") = "CheckidayViewer.Server", "CheckidayViewer\Server\CheckidayViewer.Server.csproj", "{7F2A503C-3456-4929-BD55-C65E2C663DC7}"
EndProject
Project("{9A19103F-16F7-4668-BE54-9A1E7A4F7556}") = "CheckidayViewer.Shared", "CheckidayViewer\Shared\CheckidayViewer.Shared.csproj", "{86A55512-7228-4B3D-B9D3-FB742A1EAED0}"
EndProject
Global
	GlobalSection(SolutionConfigurationPlatforms) = preSolution
		Debug|Any CPU = Debug|Any CPU
		Release|Any CPU = Release|Any CPU
	EndGlobalSection
	GlobalSection(ProjectConfigurationPlatforms) = postSolution
		{EAEB31A9-449C-408F-BF6B-0CF601A02707}.Debug|Any CPU.ActiveCfg = Debug|Any CPU
		{EAEB31A9-449C-408F-BF6B-0CF601A02707}.Debug|Any CPU.Build.0 = Debug|Any CPU
		{EAEB31A9-449C-408F-BF6B-0CF601A02707}.Release|Any CPU.ActiveCfg = Release|Any CPU
		{EAEB31A9-449C-408F-BF6B-0CF601A02707}.Release|Any CPU.Build.0 = Release|Any CPU
		{7F2A503C-3456-4929-BD55-C65E2C663DC7}.Debug|Any CPU.ActiveCfg = Debug|Any CPU
		{7F2A503C-3456-4929-BD55-C65E2C663DC7}.Debug|Any CPU.Build.0 = Debug|Any CPU
		{7F2A503C-3456-4929-BD55-C65E2C663DC7}.Release|Any CPU.ActiveCfg = Release|Any CPU
		{7F2A503C-3456-4929-BD55-C65E2C663DC7}.Release|Any CPU.Build.0 = Release|Any CPU
		{86A55512-7228-4B3D-B9D3-FB742A1EAED0}.Debug|Any CPU.ActiveCfg = Debug|Any CPU
		{86A55512-7228-4B3D-B9D3-FB742A1EAED0}.Debug|Any CPU.Build.0 = Debug|Any CPU
		{86A55512-7228-4B3D-B9D3-FB742A1EAED0}.Release|Any CPU.ActiveCfg = Release|Any CPU
		{86A55512-7228-4B3D-B9D3-FB742A1EAED0}.Release|Any CPU.Build.0 = Release|Any CPU
	EndGlobalSection
	GlobalSection(SolutionProperties) = preSolution
		HideSolutionNode = FALSE
	EndGlobalSection
	GlobalSection(ExtensibilityGlobals) = postSolution
		SolutionGuid = {9F387A5B-8EC2-48AC-8B3E-D0ADB290E1B0}
	EndGlobalSection
EndGlobal
